
Microsoft Visual Studio Solution File, Format Version 12.00
# Visual Studio Version 16
VisualStudioVersion = 16.0.29709.97
MinimumVisualStudioVersion = 10.0.40219.1
Project("{FAE04EC0-301F-11D3-BF4B-00C04F79EFBC}") = "SaberFactory", "SaberFactory\SaberFactory.csproj", "{C287398D-B333-4DFE-9C7E-9518D9D09745}"
EndProject
Global
	GlobalSection(SolutionConfigurationPlatforms) = preSolution
		Debug|Any CPU = Debug|Any CPU
		Release|Any CPU = Release|Any CPU
	EndGlobalSection
	GlobalSection(ProjectConfigurationPlatforms) = postSolution
		{C287398D-B333-4DFE-9C7E-9518D9D09745}.Debug|Any CPU.ActiveCfg = Debug|Any CPU
		{C287398D-B333-4DFE-9C7E-9518D9D09745}.Debug|Any CPU.Build.0 = Debug|Any CPU
		{C287398D-B333-4DFE-9C7E-9518D9D09745}.Release|Any CPU.ActiveCfg = Release|Any CPU
		{C287398D-B333-4DFE-9C7E-9518D9D09745}.Release|Any CPU.Build.0 = Release|Any CPU
	EndGlobalSection
	GlobalSection(SolutionProperties) = preSolution
		HideSolutionNode = FALSE
	EndGlobalSection
	GlobalSection(ExtensibilityGlobals) = postSolution
		SolutionGuid = {3B02B4C8-EBC8-408A-B5B3-B8BA316EAC7B}
	EndGlobalSection
EndGlobal
